
Microsoft Visual Studio Solution File, Format Version 12.00
# Visual Studio Version 16
VisualStudioVersion = 16.0.31321.278
MinimumVisualStudioVersion = 10.0.40219.1
Project("{2150E333-8FDC-42A3-9474-1A3956D46DE8}") = "Services", "Services", "{F29D837E-10C0-4A41-9F9F-0B158C07A955}"
EndProject
Project("{2150E333-8FDC-42A3-9474-1A3956D46DE8}") = "Catalog", "Catalog", "{74EF3BC9-A61B-48D3-9846-21E0E3EE72F6}"
EndProject
Project("{9A19103F-16F7-4668-BE54-9A1E7A4F7556}") = "Course.Services.Catalog", "Services\Catalog\Course.Services.Catalog\Course.Services.Catalog.csproj", "{EA48019E-D42D-4559-89D9-190253A2C78E}"
EndProject
Project("{2150E333-8FDC-42A3-9474-1A3956D46DE8}") = "Solution Items", "Solution Items", "{93DDD895-8F04-4828-88F0-55D2AEAECCA8}"
	ProjectSection(SolutionItems) = preProject
		Ports.txt = Ports.txt
	EndProjectSection
EndProject
Project("{2150E333-8FDC-42A3-9474-1A3956D46DE8}") = "Shared", "Shared", "{31CDCAD0-1529-46DA-A106-F63DDE810B18}"
EndProject
Project("{9A19103F-16F7-4668-BE54-9A1E7A4F7556}") = "Course.Shared", "Shared\Course.Shared\Course.Shared.csproj", "{78164F17-F0FB-418C-868B-BFD69C255FDA}"
EndProject
Project("{2150E333-8FDC-42A3-9474-1A3956D46DE8}") = "IdentityServer", "IdentityServer", "{73D3A87B-D601-4C0B-B7DB-C059ED6FF59C}"
EndProject
Project("{9A19103F-16F7-4668-BE54-9A1E7A4F7556}") = "Course.IdentityServer", "IdentityServer\Course.IdentityServer\Course.IdentityServer.csproj", "{E0DFC8FD-1A93-4D8D-B1B8-E6B143348FCA}"
EndProject
Project("{2150E333-8FDC-42A3-9474-1A3956D46DE8}") = "PhotoStock", "PhotoStock", "{3EDEDA01-9B7A-47E2-B908-44D94618D586}"
EndProject
Project("{9A19103F-16F7-4668-BE54-9A1E7A4F7556}") = "Course.Services.PhotoStock", "Services\PhotoStock\Course.Services.PhotoStock\Course.Services.PhotoStock.csproj", "{CCA59F56-30AD-4C99-9305-BF62A9F01649}"
EndProject
Project("{2150E333-8FDC-42A3-9474-1A3956D46DE8}") = "Basket", "Basket", "{89C06DA7-05D9-4665-9B72-2E9A350ECF1B}"
EndProject
Project("{9A19103F-16F7-4668-BE54-9A1E7A4F7556}") = "Course.Services.Basket", "Services\Basket\Course.Services.Basket\Course.Services.Basket.csproj", "{F492E92D-FBE0-43AE-956E-E90CB8012056}"
EndProject
Project("{2150E333-8FDC-42A3-9474-1A3956D46DE8}") = "Discount", "Discount", "{8D644EC3-F85F-496F-B6CB-0A75838F928A}"
EndProject
Project("{9A19103F-16F7-4668-BE54-9A1E7A4F7556}") = "Course.Services.Discount", "Services\Discount\Course.Services.Discount\Course.Services.Discount.csproj", "{F10B7749-694D-48E3-93F6-B2FCE263A627}"
EndProject
Project("{2150E333-8FDC-42A3-9474-1A3956D46DE8}") = "Order", "Order", "{399A441E-6E45-467A-9263-71598932A131}"
EndProject
Project("{9A19103F-16F7-4668-BE54-9A1E7A4F7556}") = "Course.Services.Order.API", "Services\Order\Course.Services.Order.API\Course.Services.Order.API.csproj", "{502D4D41-B49C-44B5-AE4E-F13EAEFE3DD0}"
EndProject
Project("{9A19103F-16F7-4668-BE54-9A1E7A4F7556}") = "Course.Services.Order.Application", "Services\Order\Course.Services.Order.Application\Course.Services.Order.Application.csproj", "{75A7F9E4-2B84-4A88-9202-3200D56EFA48}"
EndProject
Project("{9A19103F-16F7-4668-BE54-9A1E7A4F7556}") = "Course.Services.Order.Domain", "Services\Order\Course.Services.Order.Domain\Course.Services.Order.Domain.csproj", "{6E18D9A6-9169-48B8-8F8E-F5FFE0898DEC}"
EndProject
Project("{9A19103F-16F7-4668-BE54-9A1E7A4F7556}") = "Course.Services.Order.Domain.Core", "Services\Order\Course.Services.Order.Domain.Core\Course.Services.Order.Domain.Core.csproj", "{E7F85AF8-B8AA-4182-B5C1-74A69E230392}"
EndProject
Project("{9A19103F-16F7-4668-BE54-9A1E7A4F7556}") = "Course.Services.Order.Infrastructure", "Services\Order\Course.Services.Order.Infrastructure\Course.Services.Order.Infrastructure.csproj", "{5D74EAD2-82C1-4F72-895A-9A76A1033B7B}"
EndProject
Project("{2150E333-8FDC-42A3-9474-1A3956D46DE8}") = "FakePayment", "FakePayment", "{91691240-1B20-47B4-8991-5F6DD06B83A7}"
EndProject
Project("{9A19103F-16F7-4668-BE54-9A1E7A4F7556}") = "Course.Services.FakePayment", "Services\FakePayment\Course.Services.FakePayment\Course.Services.FakePayment.csproj", "{318823DB-AAB2-4683-B890-D229B7478C92}"
EndProject
Project("{2150E333-8FDC-42A3-9474-1A3956D46DE8}") = "Gateways", "Gateways", "{8403183F-8D12-4A85-AFD6-D0342321D8E0}"
EndProject
Project("{FAE04EC0-301F-11D3-BF4B-00C04F79EFBC}") = "Course.Gateway", "Gateways\Course.Gateway\Course.Gateway.csproj", "{F8E1B1E2-5119-475F-993E-1B401CB7671B}"
EndProject
Global
	GlobalSection(SolutionConfigurationPlatforms) = preSolution
		Debug|Any CPU = Debug|Any CPU
		Release|Any CPU = Release|Any CPU
	EndGlobalSection
	GlobalSection(ProjectConfigurationPlatforms) = postSolution
		{EA48019E-D42D-4559-89D9-190253A2C78E}.Debug|Any CPU.ActiveCfg = Debug|Any CPU
		{EA48019E-D42D-4559-89D9-190253A2C78E}.Debug|Any CPU.Build.0 = Debug|Any CPU
		{EA48019E-D42D-4559-89D9-190253A2C78E}.Release|Any CPU.ActiveCfg = Release|Any CPU
		{EA48019E-D42D-4559-89D9-190253A2C78E}.Release|Any CPU.Build.0 = Release|Any CPU
		{78164F17-F0FB-418C-868B-BFD69C255FDA}.Debug|Any CPU.ActiveCfg = Debug|Any CPU
		{78164F17-F0FB-418C-868B-BFD69C255FDA}.Debug|Any CPU.Build.0 = Debug|Any CPU
		{78164F17-F0FB-418C-868B-BFD69C255FDA}.Release|Any CPU.ActiveCfg = Release|Any CPU
		{78164F17-F0FB-418C-868B-BFD69C255FDA}.Release|Any CPU.Build.0 = Release|Any CPU
		{E0DFC8FD-1A93-4D8D-B1B8-E6B143348FCA}.Debug|Any CPU.ActiveCfg = Debug|Any CPU
		{E0DFC8FD-1A93-4D8D-B1B8-E6B143348FCA}.Debug|Any CPU.Build.0 = Debug|Any CPU
		{E0DFC8FD-1A93-4D8D-B1B8-E6B143348FCA}.Release|Any CPU.ActiveCfg = Release|Any CPU
		{E0DFC8FD-1A93-4D8D-B1B8-E6B143348FCA}.Release|Any CPU.Build.0 = Release|Any CPU
		{CCA59F56-30AD-4C99-9305-BF62A9F01649}.Debug|Any CPU.ActiveCfg = Debug|Any CPU
		{CCA59F56-30AD-4C99-9305-BF62A9F01649}.Debug|Any CPU.Build.0 = Debug|Any CPU
		{CCA59F56-30AD-4C99-9305-BF62A9F01649}.Release|Any CPU.ActiveCfg = Release|Any CPU
		{CCA59F56-30AD-4C99-9305-BF62A9F01649}.Release|Any CPU.Build.0 = Release|Any CPU
		{F492E92D-FBE0-43AE-956E-E90CB8012056}.Debug|Any CPU.ActiveCfg = Debug|Any CPU
		{F492E92D-FBE0-43AE-956E-E90CB8012056}.Debug|Any CPU.Build.0 = Debug|Any CPU
		{F492E92D-FBE0-43AE-956E-E90CB8012056}.Release|Any CPU.ActiveCfg = Release|Any CPU
		{F492E92D-FBE0-43AE-956E-E90CB8012056}.Release|Any CPU.Build.0 = Release|Any CPU
		{F10B7749-694D-48E3-93F6-B2FCE263A627}.Debug|Any CPU.ActiveCfg = Debug|Any CPU
		{F10B7749-694D-48E3-93F6-B2FCE263A627}.Debug|Any CPU.Build.0 = Debug|Any CPU
		{F10B7749-694D-48E3-93F6-B2FCE263A627}.Release|Any CPU.ActiveCfg = Release|Any CPU
		{F10B7749-694D-48E3-93F6-B2FCE263A627}.Release|Any CPU.Build.0 = Release|Any CPU
		{502D4D41-B49C-44B5-AE4E-F13EAEFE3DD0}.Debug|Any CPU.ActiveCfg = Debug|Any CPU
		{502D4D41-B49C-44B5-AE4E-F13EAEFE3DD0}.Debug|Any CPU.Build.0 = Debug|Any CPU
		{502D4D41-B49C-44B5-AE4E-F13EAEFE3DD0}.Release|Any CPU.ActiveCfg = Release|Any CPU
		{502D4D41-B49C-44B5-AE4E-F13EAEFE3DD0}.Release|Any CPU.Build.0 = Release|Any CPU
		{75A7F9E4-2B84-4A88-9202-3200D56EFA48}.Debug|Any CPU.ActiveCfg = Debug|Any CPU
		{75A7F9E4-2B84-4A88-9202-3200D56EFA48}.Debug|Any CPU.Build.0 = Debug|Any CPU
		{75A7F9E4-2B84-4A88-9202-3200D56EFA48}.Release|Any CPU.ActiveCfg = Release|Any CPU
		{75A7F9E4-2B84-4A88-9202-3200D56EFA48}.Release|Any CPU.Build.0 = Release|Any CPU
		{6E18D9A6-9169-48B8-8F8E-F5FFE0898DEC}.Debug|Any CPU.ActiveCfg = Debug|Any CPU
		{6E18D9A6-9169-48B8-8F8E-F5FFE0898DEC}.Debug|Any CPU.Build.0 = Debug|Any CPU
		{6E18D9A6-9169-48B8-8F8E-F5FFE0898DEC}.Release|Any CPU.ActiveCfg = Release|Any CPU
		{6E18D9A6-9169-48B8-8F8E-F5FFE0898DEC}.Release|Any CPU.Build.0 = Release|Any CPU
		{E7F85AF8-B8AA-4182-B5C1-74A69E230392}.Debug|Any CPU.ActiveCfg = Debug|Any CPU
		{E7F85AF8-B8AA-4182-B5C1-74A69E230392}.Debug|Any CPU.Build.0 = Debug|Any CPU
		{E7F85AF8-B8AA-4182-B5C1-74A69E230392}.Release|Any CPU.ActiveCfg = Release|Any CPU
		{E7F85AF8-B8AA-4182-B5C1-74A69E230392}.Release|Any CPU.Build.0 = Release|Any CPU
		{5D74EAD2-82C1-4F72-895A-9A76A1033B7B}.Debug|Any CPU.ActiveCfg = Debug|Any CPU
		{5D74EAD2-82C1-4F72-895A-9A76A1033B7B}.Debug|Any CPU.Build.0 = Debug|Any CPU
		{5D74EAD2-82C1-4F72-895A-9A76A1033B7B}.Release|Any CPU.ActiveCfg = Release|Any CPU
		{5D74EAD2-82C1-4F72-895A-9A76A1033B7B}.Release|Any CPU.Build.0 = Release|Any CPU
		{318823DB-AAB2-4683-B890-D229B7478C92}.Debug|Any CPU.ActiveCfg = Debug|Any CPU
		{318823DB-AAB2-4683-B890-D229B7478C92}.Debug|Any CPU.Build.0 = Debug|Any CPU
		{318823DB-AAB2-4683-B890-D229B7478C92}.Release|Any CPU.ActiveCfg = Release|Any CPU
		{318823DB-AAB2-4683-B890-D229B7478C92}.Release|Any CPU.Build.0 = Release|Any CPU
		{F8E1B1E2-5119-475F-993E-1B401CB7671B}.Debug|Any CPU.ActiveCfg = Debug|Any CPU
		{F8E1B1E2-5119-475F-993E-1B401CB7671B}.Debug|Any CPU.Build.0 = Debug|Any CPU
		{F8E1B1E2-5119-475F-993E-1B401CB7671B}.Release|Any CPU.ActiveCfg = Release|Any CPU
		{F8E1B1E2-5119-475F-993E-1B401CB7671B}.Release|Any CPU.Build.0 = Release|Any CPU
	EndGlobalSection
	GlobalSection(SolutionProperties) = preSolution
		HideSolutionNode = FALSE
	EndGlobalSection
	GlobalSection(NestedProjects) = preSolution
		{74EF3BC9-A61B-48D3-9846-21E0E3EE72F6} = {F29D837E-10C0-4A41-9F9F-0B158C07A955}
		{EA48019E-D42D-4559-89D9-190253A2C78E} = {74EF3BC9-A61B-48D3-9846-21E0E3EE72F6}
		{78164F17-F0FB-418C-868B-BFD69C255FDA} = {31CDCAD0-1529-46DA-A106-F63DDE810B18}
		{E0DFC8FD-1A93-4D8D-B1B8-E6B143348FCA} = {73D3A87B-D601-4C0B-B7DB-C059ED6FF59C}
		{3EDEDA01-9B7A-47E2-B908-44D94618D586} = {F29D837E-10C0-4A41-9F9F-0B158C07A955}
		{CCA59F56-30AD-4C99-9305-BF62A9F01649} = {3EDEDA01-9B7A-47E2-B908-44D94618D586}
		{89C06DA7-05D9-4665-9B72-2E9A350ECF1B} = {F29D837E-10C0-4A41-9F9F-0B158C07A955}
		{F492E92D-FBE0-43AE-956E-E90CB8012056} = {89C06DA7-05D9-4665-9B72-2E9A350ECF1B}
		{8D644EC3-F85F-496F-B6CB-0A75838F928A} = {F29D837E-10C0-4A41-9F9F-0B158C07A955}
		{F10B7749-694D-48E3-93F6-B2FCE263A627} = {8D644EC3-F85F-496F-B6CB-0A75838F928A}
		{399A441E-6E45-467A-9263-71598932A131} = {F29D837E-10C0-4A41-9F9F-0B158C07A955}
		{502D4D41-B49C-44B5-AE4E-F13EAEFE3DD0} = {399A441E-6E45-467A-9263-71598932A131}
		{75A7F9E4-2B84-4A88-9202-3200D56EFA48} = {399A441E-6E45-467A-9263-71598932A131}
		{6E18D9A6-9169-48B8-8F8E-F5FFE0898DEC} = {399A441E-6E45-467A-9263-71598932A131}
		{E7F85AF8-B8AA-4182-B5C1-74A69E230392} = {399A441E-6E45-467A-9263-71598932A131}
		{5D74EAD2-82C1-4F72-895A-9A76A1033B7B} = {399A441E-6E45-467A-9263-71598932A131}
		{91691240-1B20-47B4-8991-5F6DD06B83A7} = {F29D837E-10C0-4A41-9F9F-0B158C07A955}
		{318823DB-AAB2-4683-B890-D229B7478C92} = {91691240-1B20-47B4-8991-5F6DD06B83A7}
		{F8E1B1E2-5119-475F-993E-1B401CB7671B} = {8403183F-8D12-4A85-AFD6-D0342321D8E0}
	EndGlobalSection
	GlobalSection(ExtensibilityGlobals) = postSolution
		SolutionGuid = {B85ED042-521A-4454-80E6-1097F4CF0B61}
	EndGlobalSection
EndGlobal
